dependencies:
- name: influxdb
  repository: https://charts.bitnami.com/bitnami
  version: 5.7.0
- name: postgresql
  repository: https://charts.bitnami.com/bitnami
  version: 12.6.0
digest: sha256:17684d01c5f5e50c2ebabf31d04276d5bc0df3a826d0e3e0c4c2358e61cc59f6
generated: "2023-07-04T00:42:02.239371681Z"
