dependencies:
- name: influxdb
  repository: https://charts.bitnami.com/bitnami
  version: 5.7.0
- name: postgresql
  repository: https://charts.bitnami.com/bitnami
  version: 12.6.1
digest: sha256:766eab13b81bb0ffc20452ee720b3a8d405238de56f46c134890cc5238f6e057
generated: "2023-07-04T18:09:20.873136928Z"
