dependencies:
- name: influxdb
  repository: https://charts.bitnami.com/bitnami
  version: 5.6.1
- name: postgresql
  repository: https://charts.bitnami.com/bitnami
  version: 12.5.8
digest: sha256:0bd9090f40e313ad633a3aafeadbf0b4b7895aa76d88cc74ae952674911c66a2
generated: "2023-06-20T00:35:13.076503713Z"
